
Microsoft Visual Studio Solution File, Format Version 12.00
Project("{FAE04EC0-301F-11D3-BF4B-00C04F79EFBC}") = "Farmer Simulator", "Farmer Simulator\Farmer Simulator.csproj", "{8151ED6E-B9DB-4813-9718-C6110BAA642A}"
EndProject
Global
	GlobalSection(SolutionConfigurationPlatforms) = preSolution
		Debug|Any CPU = Debug|Any CPU
		Release|Any CPU = Release|Any CPU
	EndGlobalSection
	GlobalSection(ProjectConfigurationPlatforms) = postSolution
		{8151ED6E-B9DB-4813-9718-C6110BAA642A}.Debug|Any CPU.ActiveCfg = Debug|Any CPU
		{8151ED6E-B9DB-4813-9718-C6110BAA642A}.Debug|Any CPU.Build.0 = Debug|Any CPU
		{8151ED6E-B9DB-4813-9718-C6110BAA642A}.Release|Any CPU.ActiveCfg = Release|Any CPU
		{8151ED6E-B9DB-4813-9718-C6110BAA642A}.Release|Any CPU.Build.0 = Release|Any CPU
	EndGlobalSection
EndGlobal
